// !$*UTF8*$!
{
	archiveVersion = 1;
	classes = {
	};
	objectVersion = 56;
	objects = {

/* Begin PBXBuildFile section */
		6B86E52A2862BCEB00D3B74B /* RiveAnimationsApp.swift in Sources */ = {isa = PBXBuildFile; fileRef = 6B86E5292862BCEB00D3B74B /* RiveAnimationsApp.swift */; };
		6B86E52C2862BCEB00D3B74B /* ContentView.swift in Sources */ = {isa = PBXBuildFile; fileRef = 6B86E52B2862BCEB00D3B74B /* ContentView.swift */; };
		6B86E52E2862BCEC00D3B74B /* Assets.xcassets in Resources */ = {isa = PBXBuildFile; fileRef = 6B86E52D2862BCEC00D3B74B /* Assets.xcassets */; };
		6B86E5312862BCEC00D3B74B /* Preview Assets.xcassets in Resources */ = {isa = PBXBuildFile; fileRef = 6B86E5302862BCEC00D3B74B /* Preview Assets.xcassets */; };
		6B86E5392862BDB200D3B74B /* RiveRuntime in Frameworks */ = {isa = PBXBuildFile; productRef = 6B86E5382862BDB200D3B74B /* RiveRuntime */; };
		6B86E5422862BDD100D3B74B /* house.riv in Resources */ = {isa = PBXBuildFile; fileRef = 6B86E53B2862BDD100D3B74B /* house.riv */; };
		6B86E5432862BDD100D3B74B /* confetti.riv in Resources */ = {isa = PBXBuildFile; fileRef = 6B86E53C2862BDD100D3B74B /* confetti.riv */; };
		6B86E5442862BDD100D3B74B /* check.riv in Resources */ = {isa = PBXBuildFile; fileRef = 6B86E53D2862BDD100D3B74B /* check.riv */; };
		6B86E5452862BDD100D3B74B /* menu_button.riv in Resources */ = {isa = PBXBuildFile; fileRef = 6B86E53E2862BDD100D3B74B /* menu_button.riv */; };
		6B86E5462862BDD100D3B74B /* shapes.riv in Resources */ = {isa = PBXBuildFile; fileRef = 6B86E53F2862BDD100D3B74B /* shapes.riv */; };
		6B86E5472862BDD100D3B74B /* button.riv in Resources */ = {isa = PBXBuildFile; fileRef = 6B86E5402862BDD100D3B74B /* button.riv */; };
		6B86E5482862BDD100D3B74B /* icons.riv in Resources */ = {isa = PBXBuildFile; fileRef = 6B86E5412862BDD100D3B74B /* icons.riv */; };
		6B86E54A2862BDE000D3B74B /* OnboardingView.swift in Sources */ = {isa = PBXBuildFile; fileRef = 6B86E5492862BDE000D3B74B /* OnboardingView.swift */; };
/* End PBXBuildFile section */

/* Begin PBXFileReference section */
		6B86E5262862BCEB00D3B74B /* RiveAnimations.app */ = {isa = PBXFileReference; explicitFileType = wrapper.application; includeInIndex = 0; path = RiveAnimations.app; sourceTree = BUILT_PRODUCTS_DIR; };
		6B86E5292862BCEB00D3B74B /* RiveAnimationsApp.swift */ = {isa = PBXFileReference; lastKnownFileType = sourcecode.swift; path = RiveAnimationsApp.swift; sourceTree = "<group>"; };
		6B86E52B2862BCEB00D3B74B /* ContentView.swift */ = {isa = PBXFileReference; lastKnownFileType = sourcecode.swift; path = ContentView.swift; sourceTree = "<group>"; };
		6B86E52D2862BCEC00D3B74B /* Assets.xcassets */ = {isa = PBXFileReference; lastKnownFileType = folder.assetcatalog; path = Assets.xcassets; sourceTree = "<group>"; };
		6B86E5302862BCEC00D3B74B /* Preview Assets.xcassets */ = {isa = PBXFileReference; lastKnownFileType = folder.assetcatalog; path = "Preview Assets.xcassets"; sourceTree = "<group>"; };
		6B86E53B2862BDD100D3B74B /* house.riv */ = {isa = PBXFileReference; lastKnownFileType = file; path = house.riv; sourceTree = "<group>"; };
		6B86E53C2862BDD100D3B74B /* confetti.riv */ = {isa = PBXFileReference; lastKnownFileType = file; path = confetti.riv; sourceTree = "<group>"; };
		6B86E53D2862BDD100D3B74B /* check.riv */ = {isa = PBXFileReference; lastKnownFileType = file; path = check.riv; sourceTree = "<group>"; };
		6B86E53E2862BDD100D3B74B /* menu_button.riv */ = {isa = PBXFileReference; lastKnownFileType = file; path = menu_button.riv; sourceTree = "<group>"; };
		6B86E53F2862BDD100D3B74B /* shapes.riv */ = {isa = PBXFileReference; lastKnownFileType = file; path = shapes.riv; sourceTree = "<group>"; };
		6B86E5402862BDD100D3B74B /* button.riv */ = {isa = PBXFileReference; lastKnownFileType = file; path = button.riv; sourceTree = "<group>"; };
		6B86E5412862BDD100D3B74B /* icons.riv */ = {isa = PBXFileReference; lastKnownFileType = file; path = icons.riv; sourceTree = "<group>"; };
		6B86E5492862BDE000D3B74B /* OnboardingView.swift */ = {isa = PBXFileReference; lastKnownFileType = sourcecode.swift; path = OnboardingView.swift; sourceTree = "<group>"; };
/* End PBXFileReference section */

/* Begin PBXFrameworksBuildPhase section */
		6B86E5232862BCEB00D3B74B /* Frameworks */ = {
			isa = PBXFrameworksBuildPhase;
			buildActionMask = 2147483647;
			files = (
				6B86E5392862BDB200D3B74B /* RiveRuntime in Frameworks */,
			);
			runOnlyForDeploymentPostprocessing = 0;
		};
/* End PBXFrameworksBuildPhase section */

/* Begin PBXGroup section */
		6B86E51D2862BCEB00D3B74B = {
			isa = PBXGroup;
			children = (
				6B86E5282862BCEB00D3B74B /* RiveAnimations */,
				6B86E5272862BCEB00D3B74B /* Products */,
			);
			sourceTree = "<group>";
		};
		6B86E5272862BCEB00D3B74B /* Products */ = {
			isa = PBXGroup;
			children = (
				6B86E5262862BCEB00D3B74B /* RiveAnimations.app */,
			);
			name = Products;
			sourceTree = "<group>";
		};
		6B86E5282862BCEB00D3B74B /* RiveAnimations */ = {
			isa = PBXGroup;
			children = (
				6B86E5292862BCEB00D3B74B /* RiveAnimationsApp.swift */,
				6B86E52B2862BCEB00D3B74B /* ContentView.swift */,
				6B86E5492862BDE000D3B74B /* OnboardingView.swift */,
				6B86E52D2862BCEC00D3B74B /* Assets.xcassets */,
				6B86E53A2862BDD100D3B74B /* RiveAssets */,
				6B86E52F2862BCEC00D3B74B /* Preview Content */,
			);
			path = RiveAnimations;
			sourceTree = "<group>";
		};
		6B86E52F2862BCEC00D3B74B /* Preview Content */ = {
			isa = PBXGroup;
			children = (
				6B86E5302862BCEC00D3B74B /* Preview Assets.xcassets */,
			);
			path = "Preview Content";
			sourceTree = "<group>";
		};
		6B86E53A2862BDD100D3B74B /* RiveAssets */ = {
			isa = PBXGroup;
			children = (
				6B86E53B2862BDD100D3B74B /* house.riv */,
				6B86E53C2862BDD100D3B74B /* confetti.riv */,
				6B86E53D2862BDD100D3B74B /* check.riv */,
				6B86E53E2862BDD100D3B74B /* menu_button.riv */,
				6B86E53F2862BDD100D3B74B /* shapes.riv */,
				6B86E5402862BDD100D3B74B /* button.riv */,
				6B86E5412862BDD100D3B74B /* icons.riv */,
			);
			path = RiveAssets;
			sourceTree = "<group>";
		};
/* End PBXGroup section */

/* Begin PBXNativeTarget section */
		6B86E5252862BCEB00D3B74B /* RiveAnimations */ = {
			isa = PBXNativeTarget;
			buildConfigurationList = 6B86E5342862BCEC00D3B74B /* Build configuration list for PBXNativeTarget "RiveAnimations" */;
			buildPhases = (
				6B86E5222862BCEB00D3B74B /* Sources */,
				6B86E5232862BCEB00D3B74B /* Frameworks */,
				6B86E5242862BCEB00D3B74B /* Resources */,
			);
			buildRules = (
			);
			dependencies = (
			);
			name = RiveAnimations;
			packageProductDependencies = (
				6B86E5382862BDB200D3B74B /* RiveRuntime */,
			);
			productName = RiveAnimations;
			productReference = 6B86E5262862BCEB00D3B74B /* RiveAnimations.app */;
			productType = "com.apple.product-type.application";
		};
/* End PBXNativeTarget section */

/* Begin PBXProject section */
		6B86E51E2862BCEB00D3B74B /* Project object */ = {
			isa = PBXProject;
			attributes = {
				BuildIndependentTargetsInParallel = 1;
				LastSwiftUpdateCheck = 1400;
				LastUpgradeCheck = 1400;
				TargetAttributes = {
					6B86E5252862BCEB00D3B74B = {
						CreatedOnToolsVersion = 14.0;
					};
				};
			};
			buildConfigurationList = 6B86E5212862BCEB00D3B74B /* Build configuration list for PBXProject "RiveAnimations" */;
			compatibilityVersion = "Xcode 14.0";
			developmentRegion = en;
			hasScannedForEncodings = 0;
			knownRegions = (
				en,
				Base,
			);
			mainGroup = 6B86E51D2862BCEB00D3B74B;
			packageReferences = (
				6B86E5372862BDB200D3B74B /* XCRemoteSwiftPackageReference "rive-ios" */,
			);
			productRefGroup = 6B86E5272862BCEB00D3B74B /* Products */;
			projectDirPath = "";
			projectRoot = "";
			targets = (
				6B86E5252862BCEB00D3B74B /* RiveAnimations */,
			);
		};
/* End PBXProject section */

/* Begin PBXResourcesBuildPhase section */
		6B86E5242862BCEB00D3B74B /* Resources */ = {
			isa = PBXResourcesBuildPhase;
			buildActionMask = 2147483647;
			files = (
				6B86E5462862BDD100D3B74B /* shapes.riv in Resources */,
				6B86E5442862BDD100D3B74B /* check.riv in Resources */,
				6B86E5312862BCEC00D3B74B /* Preview Assets.xcassets in Resources */,
				6B86E5452862BDD100D3B74B /* menu_button.riv in Resources */,
				6B86E5422862BDD100D3B74B /* house.riv in Resources */,
				6B86E5472862BDD100D3B74B /* button.riv in Resources */,
				6B86E52E2862BCEC00D3B74B /* Assets.xcassets in Resources */,
				6B86E5432862BDD100D3B74B /* confetti.riv in Resources */,
				6B86E5482862BDD100D3B74B /* icons.riv in Resources */,
			);
			runOnlyForDeploymentPostprocessing = 0;
		};
/* End PBXResourcesBuildPhase section */

/* Begin PBXSourcesBuildPhase section */
		6B86E5222862BCEB00D3B74B /* Sources */ = {
			isa = PBXSourcesBuildPhase;
			buildActionMask = 2147483647;
			files = (
				6B86E54A2862BDE000D3B74B /* OnboardingView.swift in Sources */,
				6B86E52C2862BCEB00D3B74B /* ContentView.swift in Sources */,
				6B86E52A2862BCEB00D3B74B /* RiveAnimationsApp.swift in Sources */,
			);
			runOnlyForDeploymentPostprocessing = 0;
		};
/* End PBXSourcesBuildPhase section */

/* Begin XCBuildConfiguration section */
		6B86E5322862BCEC00D3B74B /* Debug */ = {
			isa = XCBuildConfiguration;
			buildSettings = {
				ALWAYS_SEARCH_USER_PATHS = NO;
				CLANG_ANALYZER_NONNULL = YES;
				CLANG_ANALYZER_NUMBER_OBJECT_CONVERSION = YES_AGGRESSIVE;
				CLANG_CXX_LANGUAGE_STANDARD = "gnu++17";
				CLANG_ENABLE_MODULES = YES;
				CLANG_ENABLE_OBJC_ARC = YES;
				CLANG_ENABLE_OBJC_WEAK = YES;
				CLANG_WARN_BLOCK_CAPTURE_AUTORELEASING = YES;
				CLANG_WARN_BOOL_CONVERSION = YES;
				CLANG_WARN_COMMA = YES;
				CLANG_WARN_CONSTANT_CONVERSION = YES;
				CLANG_WARN_DEPRECATED_OBJC_IMPLEMENTATIONS = YES;
				CLANG_WARN_DIRECT_OBJC_ISA_USAGE = YES_ERROR;
				CLANG_WARN_DOCUMENTATION_COMMENTS = YES;
				CLANG_WARN_EMPTY_BODY = YES;
				CLANG_WARN_ENUM_CONVERSION = YES;
				CLANG_WARN_INFINITE_RECURSION = YES;
				CLANG_WARN_INT_CONVERSION = YES;
				CLANG_WARN_NON_LITERAL_NULL_CONVERSION = YES;
				CLANG_WARN_OBJC_IMPLICIT_RETAIN_SELF = YES;
				CLANG_WARN_OBJC_LITERAL_CONVERSION = YES;
				CLANG_WARN_OBJC_ROOT_CLASS = YES_ERROR;
				CLANG_WARN_QUOTED_INCLUDE_IN_FRAMEWORK_HEADER = YES;
				CLANG_WARN_RANGE_LOOP_ANALYSIS = YES;
				CLANG_WARN_STRICT_PROTOTYPES = YES;
				CLANG_WARN_SUSPICIOUS_MOVE = YES;
				CLANG_WARN_UNGUARDED_AVAILABILITY = YES_AGGRESSIVE;
				CLANG_WARN_UNREACHABLE_CODE = YES;
				CLANG_WARN__DUPLICATE_METHOD_MATCH = YES;
				COPY_PHASE_STRIP = NO;
				DEBUG_INFORMATION_FORMAT = dwarf;
				ENABLE_STRICT_OBJC_MSGSEND = YES;
				ENABLE_TESTABILITY = YES;
				GCC_C_LANGUAGE_STANDARD = gnu11;
				GCC_DYNAMIC_NO_PIC = NO;
				GCC_NO_COMMON_BLOCKS = YES;
				GCC_OPTIMIZATION_LEVEL = 0;
				GCC_PREPROCESSOR_DEFINITIONS = (
					"DEBUG=1",
					"$(inherited)",
				);
				GCC_WARN_64_TO_32_BIT_CONVERSION = YES;
				GCC_WARN_ABOUT_RETURN_TYPE = YES_ERROR;
				GCC_WARN_UNDECLARED_SELECTOR = YES;
				GCC_WARN_UNINITIALIZED_AUTOS = YES_AGGRESSIVE;
				GCC_WARN_UNUSED_FUNCTION = YES;
				GCC_WARN_UNUSED_VARIABLE = YES;
				IPHONEOS_DEPLOYMENT_TARGET = 16.0;
				MTL_ENABLE_DEBUG_INFO = INCLUDE_SOURCE;
				MTL_FAST_MATH = YES;
				ONLY_ACTIVE_ARCH = YES;
				SDKROOT = iphoneos;
				SWIFT_ACTIVE_COMPILATION_CONDITIONS = DEBUG;
				SWIFT_OPTIMIZATION_LEVEL = "-Onone";
			};
			name = Debug;
		};
		6B86E5332862BCEC00D3B74B /* Release */ = {
			isa = XCBuildConfiguration;
			buildSettings = {
				ALWAYS_SEARCH_USER_PATHS = NO;
				CLANG_ANALYZER_NONNULL = YES;
				CLANG_ANALYZER_NUMBER_OBJECT_CONVERSION = YES_AGGRESSIVE;
				CLANG_CXX_LANGUAGE_STANDARD = "gnu++17";
				CLANG_ENABLE_MODULES = YES;
				CLANG_ENABLE_OBJC_ARC = YES;
				CLANG_ENABLE_OBJC_WEAK = YES;
				CLANG_WARN_BLOCK_CAPTURE_AUTORELEASING = YES;
				CLANG_WARN_BOOL_CONVERSION = YES;
				CLANG_WARN_COMMA = YES;
				CLANG_WARN_CONSTANT_CONVERSION = YES;
				CLANG_WARN_DEPRECATED_OBJC_IMPLEMENTATIONS = YES;
				CLANG_WARN_DIRECT_OBJC_ISA_USAGE = YES_ERROR;
				CLANG_WARN_DOCUMENTATION_COMMENTS = YES;
				CLANG_WARN_EMPTY_BODY = YES;
				CLANG_WARN_ENUM_CONVERSION = YES;
				CLANG_WARN_INFINITE_RECURSION = YES;
				CLANG_WARN_INT_CONVERSION = YES;
				CLANG_WARN_NON_LITERAL_NULL_CONVERSION = YES;
				CLANG_WARN_OBJC_IMPLICIT_RETAIN_SELF = YES;
				CLANG_WARN_OBJC_LITERAL_CONVERSION = YES;
				CLANG_WARN_OBJC_ROOT_CLASS = YES_ERROR;
				CLANG_WARN_QUOTED_INCLUDE_IN_FRAMEWORK_HEADER = YES;
				CLANG_WARN_RANGE_LOOP_ANALYSIS = YES;
				CLANG_WARN_STRICT_PROTOTYPES = YES;
				CLANG_WARN_SUSPICIOUS_MOVE = YES;
				CLANG_WARN_UNGUARDED_AVAILABILITY = YES_AGGRESSIVE;
				CLANG_WARN_UNREACHABLE_CODE = YES;
				CLANG_WARN__DUPLICATE_METHOD_MATCH = YES;
				COPY_PHASE_STRIP = NO;
				DEBUG_INFORMATION_FORMAT = "dwarf-with-dsym";
				ENABLE_NS_ASSERTIONS = NO;
				ENABLE_STRICT_OBJC_MSGSEND = YES;
				GCC_C_LANGUAGE_STANDARD = gnu11;
				GCC_NO_COMMON_BLOCKS = YES;
				GCC_WARN_64_TO_32_BIT_CONVERSION = YES;
				GCC_WARN_ABOUT_RETURN_TYPE = YES_ERROR;
				GCC_WARN_UNDECLARED_SELECTOR = YES;
				GCC_WARN_UNINITIALIZED_AUTOS = YES_AGGRESSIVE;
				GCC_WARN_UNUSED_FUNCTION = YES;
				GCC_WARN_UNUSED_VARIABLE = YES;
				IPHONEOS_DEPLOYMENT_TARGET = 16.0;
				MTL_ENABLE_DEBUG_INFO = NO;
				MTL_FAST_MATH = YES;
				SDKROOT = iphoneos;
				SWIFT_COMPILATION_MODE = wholemodule;
				SWIFT_OPTIMIZATION_LEVEL = "-O";
				VALIDATE_PRODUCT = YES;
			};
			name = Release;
		};
		6B86E5352862BCEC00D3B74B /* Debug */ = {
			isa = XCBuildConfiguration;
			buildSettings = {
				ASSETCATALOG_COMPILER_APPICON_NAME = AppIcon;
				ASSETCATALOG_COMPILER_GLOBAL_ACCENT_COLOR_NAME = AccentColor;
				CODE_SIGN_STYLE = Automatic;
				CURRENT_PROJECT_VERSION = 1;
				DEVELOPMENT_ASSET_PATHS = "\"RiveAnimations/Preview Content\"";
				DEVELOPMENT_TEAM = SMT4VV2UY9;
				ENABLE_PREVIEWS = YES;
				GENERATE_INFOPLIST_FILE = YES;
				INFOPLIST_KEY_UIApplicationSceneManifest_Generation = YES;
				INFOPLIST_KEY_UIApplicationSupportsIndirectInputEvents = YES;
				INFOPLIST_KEY_UILaunchScreen_Generation = YES;
				INFOPLIST_KEY_UISupportedInterfaceOrientations_iPad = "UIInterfaceOrientationPortrait UIInterfaceOrientationPortraitUpsideDown UIInterfaceOrientationLandscapeLeft UIInterfaceOrientationLandscapeRight";
				INFOPLIST_KEY_UISupportedInterfaceOrientations_iPhone = "UIInterfaceOrientationPortrait UIInterfaceOrientationLandscapeLeft UIInterfaceOrientationLandscapeRight";
				LD_RUNPATH_SEARCH_PATHS = (
					"$(inherited)",
					"@executable_path/Frameworks",
				);
				MARKETING_VERSION = 1.0;
				PRODUCT_BUNDLE_IDENTIFIER = Garlington.Matthew.RiveAnimations;
				PRODUCT_NAME = "$(TARGET_NAME)";
				SWIFT_EMIT_LOC_STRINGS = YES;
				SWIFT_VERSION = 5.0;
				TARGETED_DEVICE_FAMILY = "1,2";
			};
			name = Debug;
		};
		6B86E5362862BCEC00D3B74B /* Release */ = {
			isa = XCBuildConfiguration;
			buildSettings = {
				ASSETCATALOG_COMPILER_APPICON_NAME = AppIcon;
				ASSETCATALOG_COMPILER_GLOBAL_ACCENT_COLOR_NAME = AccentColor;
				CODE_SIGN_STYLE = Automatic;
				CURRENT_PROJECT_VERSION = 1;
				DEVELOPMENT_ASSET_PATHS = "\"RiveAnimations/Preview Content\"";
				DEVELOPMENT_TEAM = SMT4VV2UY9;
				ENABLE_PREVIEWS = YES;
				GENERATE_INFOPLIST_FILE = YES;
				INFOPLIST_KEY_UIApplicationSceneManifest_Generation = YES;
				INFOPLIST_KEY_UIApplicationSupportsIndirectInputEvents = YES;
				INFOPLIST_KEY_UILaunchScreen_Generation = YES;
				INFOPLIST_KEY_UISupportedInterfaceOrientations_iPad = "UIInterfaceOrientationPortrait UIInterfaceOrientationPortraitUpsideDown UIInterfaceOrientationLandscapeLeft UIInterfaceOrientationLandscapeRight";
				INFOPLIST_KEY_UISupportedInterfaceOrientations_iPhone = "UIInterfaceOrientationPortrait UIInterfaceOrientationLandscapeLeft UIInterfaceOrientationLandscapeRight";
				LD_RUNPATH_SEARCH_PATHS = (
					"$(inherited)",
					"@executable_path/Frameworks",
				);
				MARKETING_VERSION = 1.0;
				PRODUCT_BUNDLE_IDENTIFIER = Garlington.Matthew.RiveAnimations;
				PRODUCT_NAME = "$(TARGET_NAME)";
				SWIFT_EMIT_LOC_STRINGS = YES;
				SWIFT_VERSION = 5.0;
				TARGETED_DEVICE_FAMILY = "1,2";
			};
			name = Release;
		};
/* End XCBuildConfiguration section */

/* Begin XCConfigurationList section */
		6B86E5212862BCEB00D3B74B /* Build configuration list for PBXProject "RiveAnimations" */ = {
			isa = XCConfigurationList;
			buildConfigurations = (
				6B86E5322862BCEC00D3B74B /* Debug */,
				6B86E5332862BCEC00D3B74B /* Release */,
			);
			defaultConfigurationIsVisible = 0;
			defaultConfigurationName = Release;
		};
		6B86E5342862BCEC00D3B74B /* Build configuration list for PBXNativeTarget "RiveAnimations" */ = {
			isa = XCConfigurationList;
			buildConfigurations = (
				6B86E5352862BCEC00D3B74B /* Debug */,
				6B86E5362862BCEC00D3B74B /* Release */,
			);
			defaultConfigurationIsVisible = 0;
			defaultConfigurationName = Release;
		};
/* End XCConfigurationList section */

/* Begin XCRemoteSwiftPackageReference section */
		6B86E5372862BDB200D3B74B /* XCRemoteSwiftPackageReference "rive-ios" */ = {
			isa = XCRemoteSwiftPackageReference;
			repositoryURL = "https://github.com/rive-app/rive-ios.git";
			requirement = {
				branch = main;
				kind = branch;
			};
		};
/* End XCRemoteSwiftPackageReference section */

/* Begin XCSwiftPackageProductDependency section */
		6B86E5382862BDB200D3B74B /* RiveRuntime */ = {
			isa = XCSwiftPackageProductDependency;
			package = 6B86E5372862BDB200D3B74B /* XCRemoteSwiftPackageReference "rive-ios" */;
			productName = RiveRuntime;
		};
/* End XCSwiftPackageProductDependency section */
	};
	rootObject = 6B86E51E2862BCEB00D3B74B /* Project object */;
}
